
Microsoft Visual Studio Solution File, Format Version 12.00
# Visual Studio Version 17
VisualStudioVersion = 17.2.32630.192
MinimumVisualStudioVersion = 10.0.40219.1
Project("{9A19103F-16F7-4668-BE54-9A1E7A4F7556}") = "ExercicioDeFixacaoAula18", "ExercicioDeFixacaoAula18\ExercicioDeFixacaoAula18.csproj", "{22176C74-F62C-4233-9E6D-BFDD804EB131}"
EndProject
Project("{FAE04EC0-301F-11D3-BF4B-00C04F79EFBC}") = "Aula23ExercicioProposto1002", "Aula23ExercicioProposto1002\Aula23ExercicioProposto1002.csproj", "{EB30B868-8AE0-4ECA-A317-8DFF4A9812D0}"
EndProject
Project("{FAE04EC0-301F-11D3-BF4B-00C04F79EFBC}") = "Aula23ExercicioProposto1003", "Aula23ExercicioProposto1003\Aula23ExercicioProposto1003.csproj", "{93413952-B9D0-4EE5-B2CA-17FD6BE978B7}"
EndProject
Project("{FAE04EC0-301F-11D3-BF4B-00C04F79EFBC}") = "Aula23ExercicioProposto1004", "Aula23ExercicioProposto1004\Aula23ExercicioProposto1004.csproj", "{6123E490-0025-404A-B9CF-AAAB9A47E8E0}"
EndProject
Project("{FAE04EC0-301F-11D3-BF4B-00C04F79EFBC}") = "Aula23ExercicioProposto1007", "Aula23ExercicioProposto1007\Aula23ExercicioProposto1007.csproj", "{2BEE91A5-8D52-48D4-8A66-EED6A869D59B}"
EndProject
Global
	GlobalSection(SolutionConfigurationPlatforms) = preSolution
		Debug|Any CPU = Debug|Any CPU
		Release|Any CPU = Release|Any CPU
	EndGlobalSection
	GlobalSection(ProjectConfigurationPlatforms) = postSolution
		{22176C74-F62C-4233-9E6D-BFDD804EB131}.Debug|Any CPU.ActiveCfg = Debug|Any CPU
		{22176C74-F62C-4233-9E6D-BFDD804EB131}.Debug|Any CPU.Build.0 = Debug|Any CPU
		{22176C74-F62C-4233-9E6D-BFDD804EB131}.Release|Any CPU.ActiveCfg = Release|Any CPU
		{22176C74-F62C-4233-9E6D-BFDD804EB131}.Release|Any CPU.Build.0 = Release|Any CPU
		{EB30B868-8AE0-4ECA-A317-8DFF4A9812D0}.Debug|Any CPU.ActiveCfg = Debug|Any CPU
		{EB30B868-8AE0-4ECA-A317-8DFF4A9812D0}.Debug|Any CPU.Build.0 = Debug|Any CPU
		{EB30B868-8AE0-4ECA-A317-8DFF4A9812D0}.Release|Any CPU.ActiveCfg = Release|Any CPU
		{EB30B868-8AE0-4ECA-A317-8DFF4A9812D0}.Release|Any CPU.Build.0 = Release|Any CPU
		{93413952-B9D0-4EE5-B2CA-17FD6BE978B7}.Debug|Any CPU.ActiveCfg = Debug|Any CPU
		{93413952-B9D0-4EE5-B2CA-17FD6BE978B7}.Debug|Any CPU.Build.0 = Debug|Any CPU
		{93413952-B9D0-4EE5-B2CA-17FD6BE978B7}.Release|Any CPU.ActiveCfg = Release|Any CPU
		{93413952-B9D0-4EE5-B2CA-17FD6BE978B7}.Release|Any CPU.Build.0 = Release|Any CPU
		{6123E490-0025-404A-B9CF-AAAB9A47E8E0}.Debug|Any CPU.ActiveCfg = Debug|Any CPU
		{6123E490-0025-404A-B9CF-AAAB9A47E8E0}.Debug|Any CPU.Build.0 = Debug|Any CPU
		{6123E490-0025-404A-B9CF-AAAB9A47E8E0}.Release|Any CPU.ActiveCfg = Release|Any CPU
		{6123E490-0025-404A-B9CF-AAAB9A47E8E0}.Release|Any CPU.Build.0 = Release|Any CPU
		{2BEE91A5-8D52-48D4-8A66-EED6A869D59B}.Debug|Any CPU.ActiveCfg = Debug|Any CPU
		{2BEE91A5-8D52-48D4-8A66-EED6A869D59B}.Debug|Any CPU.Build.0 = Debug|Any CPU
		{2BEE91A5-8D52-48D4-8A66-EED6A869D59B}.Release|Any CPU.ActiveCfg = Release|Any CPU
		{2BEE91A5-8D52-48D4-8A66-EED6A869D59B}.Release|Any CPU.Build.0 = Release|Any CPU
	EndGlobalSection
	GlobalSection(SolutionProperties) = preSolution
		HideSolutionNode = FALSE
	EndGlobalSection
	GlobalSection(ExtensibilityGlobals) = postSolution
		SolutionGuid = {630156E7-FDB1-45D2-A494-39B72E337E23}
	EndGlobalSection
EndGlobal
