
Microsoft Visual Studio Solution File, Format Version 12.00
# Visual Studio Version 17
VisualStudioVersion = 17.2.32630.192
MinimumVisualStudioVersion = 10.0.40219.1
Project("{9A19103F-16F7-4668-BE54-9A1E7A4F7556}") = "ExercicioDeFixacaoAula18", "ExercicioDeFixacaoAula18\ExercicioDeFixacaoAula18.csproj", "{22176C74-F62C-4233-9E6D-BFDD804EB131}"
EndProject
Project("{9A19103F-16F7-4668-BE54-9A1E7A4F7556}") = "Aula23ExercicioProposto1002", "Aula23ExercicioProposto1002\Aula23ExercicioProposto1002.csproj", "{EB30B868-8AE0-4ECA-A317-8DFF4A9812D0}"
EndProject
Project("{9A19103F-16F7-4668-BE54-9A1E7A4F7556}") = "Aula23ExercicioProposto1003", "Aula23ExercicioProposto1003\Aula23ExercicioProposto1003.csproj", "{93413952-B9D0-4EE5-B2CA-17FD6BE978B7}"
EndProject
Project("{9A19103F-16F7-4668-BE54-9A1E7A4F7556}") = "Aula23ExercicioProposto1004", "Aula23ExercicioProposto1004\Aula23ExercicioProposto1004.csproj", "{6123E490-0025-404A-B9CF-AAAB9A47E8E0}"
EndProject
Project("{9A19103F-16F7-4668-BE54-9A1E7A4F7556}") = "Aula23ExercicioProposto1007", "Aula23ExercicioProposto1007\Aula23ExercicioProposto1007.csproj", "{2BEE91A5-8D52-48D4-8A66-EED6A869D59B}"
EndProject
Project("{9A19103F-16F7-4668-BE54-9A1E7A4F7556}") = "Aula23ExercicioProposto1008", "Aula23ExercicioProposto1008\Aula23ExercicioProposto1008.csproj", "{07710C42-E039-4E8F-ABAA-1B69B9086A97}"
EndProject
Project("{9A19103F-16F7-4668-BE54-9A1E7A4F7556}") = "Aula23ExercicioProposto1010", "Aula23ExercicioProposto1010\Aula23ExercicioProposto1010.csproj", "{FCFDF97E-D316-4D9F-9871-D8BEB20C036B}"
EndProject
Project("{9A19103F-16F7-4668-BE54-9A1E7A4F7556}") = "Aula23ExercicioProposto1014", "Aula23ExercicioProposto1014\Aula23ExercicioProposto1014.csproj", "{0B969BAF-329E-47AC-AC12-8F17FC4006B9}"
EndProject
Project("{9A19103F-16F7-4668-BE54-9A1E7A4F7556}") = "Aula23ExercicioProposto1016", "Aula23ExercicioProposto1016\Aula23ExercicioProposto1016.csproj", "{A36E90C4-95E8-4B31-BE1B-0867E2EBCCF0}"
EndProject
Project("{9A19103F-16F7-4668-BE54-9A1E7A4F7556}") = "Aula23ExercicioProposto1017", "Aula23ExercicioProposto1017\Aula23ExercicioProposto1017.csproj", "{85F69D3A-57F6-4C9B-AA33-E79195C0F34D}"
EndProject
Project("{9A19103F-16F7-4668-BE54-9A1E7A4F7556}") = "Aula23ExercicioProposto1005", "Aula23ExercicioProposto1005\Aula23ExercicioProposto1005.csproj", "{8B62EB41-8204-49C8-B79A-B63337B8574C}"
EndProject
Project("{9A19103F-16F7-4668-BE54-9A1E7A4F7556}") = "Aula23ExercicioProposto1006", "Aula23ExercicioProposto1006\Aula23ExercicioProposto1006.csproj", "{873FA458-0217-41D4-88A1-50CD965E2E51}"
EndProject
Project("{FAE04EC0-301F-11D3-BF4B-00C04F79EFBC}") = "Aula26ExercicioProposto1009", "Aula26ExercicioProposto1009\Aula26ExercicioProposto1009.csproj", "{D140C7BD-0589-43BF-BA05-8E64C77C398C}"
EndProject
Global
	GlobalSection(SolutionConfigurationPlatforms) = preSolution
		Debug|Any CPU = Debug|Any CPU
		Release|Any CPU = Release|Any CPU
	EndGlobalSection
	GlobalSection(ProjectConfigurationPlatforms) = postSolution
		{22176C74-F62C-4233-9E6D-BFDD804EB131}.Debug|Any CPU.ActiveCfg = Debug|Any CPU
		{22176C74-F62C-4233-9E6D-BFDD804EB131}.Debug|Any CPU.Build.0 = Debug|Any CPU
		{22176C74-F62C-4233-9E6D-BFDD804EB131}.Release|Any CPU.ActiveCfg = Release|Any CPU
		{22176C74-F62C-4233-9E6D-BFDD804EB131}.Release|Any CPU.Build.0 = Release|Any CPU
		{EB30B868-8AE0-4ECA-A317-8DFF4A9812D0}.Debug|Any CPU.ActiveCfg = Debug|Any CPU
		{EB30B868-8AE0-4ECA-A317-8DFF4A9812D0}.Debug|Any CPU.Build.0 = Debug|Any CPU
		{EB30B868-8AE0-4ECA-A317-8DFF4A9812D0}.Release|Any CPU.ActiveCfg = Release|Any CPU
		{EB30B868-8AE0-4ECA-A317-8DFF4A9812D0}.Release|Any CPU.Build.0 = Release|Any CPU
		{93413952-B9D0-4EE5-B2CA-17FD6BE978B7}.Debug|Any CPU.ActiveCfg = Debug|Any CPU
		{93413952-B9D0-4EE5-B2CA-17FD6BE978B7}.Debug|Any CPU.Build.0 = Debug|Any CPU
		{93413952-B9D0-4EE5-B2CA-17FD6BE978B7}.Release|Any CPU.ActiveCfg = Release|Any CPU
		{93413952-B9D0-4EE5-B2CA-17FD6BE978B7}.Release|Any CPU.Build.0 = Release|Any CPU
		{6123E490-0025-404A-B9CF-AAAB9A47E8E0}.Debug|Any CPU.ActiveCfg = Debug|Any CPU
		{6123E490-0025-404A-B9CF-AAAB9A47E8E0}.Debug|Any CPU.Build.0 = Debug|Any CPU
		{6123E490-0025-404A-B9CF-AAAB9A47E8E0}.Release|Any CPU.ActiveCfg = Release|Any CPU
		{6123E490-0025-404A-B9CF-AAAB9A47E8E0}.Release|Any CPU.Build.0 = Release|Any CPU
		{2BEE91A5-8D52-48D4-8A66-EED6A869D59B}.Debug|Any CPU.ActiveCfg = Debug|Any CPU
		{2BEE91A5-8D52-48D4-8A66-EED6A869D59B}.Debug|Any CPU.Build.0 = Debug|Any CPU
		{2BEE91A5-8D52-48D4-8A66-EED6A869D59B}.Release|Any CPU.ActiveCfg = Release|Any CPU
		{2BEE91A5-8D52-48D4-8A66-EED6A869D59B}.Release|Any CPU.Build.0 = Release|Any CPU
		{07710C42-E039-4E8F-ABAA-1B69B9086A97}.Debug|Any CPU.ActiveCfg = Debug|Any CPU
		{07710C42-E039-4E8F-ABAA-1B69B9086A97}.Debug|Any CPU.Build.0 = Debug|Any CPU
		{07710C42-E039-4E8F-ABAA-1B69B9086A97}.Release|Any CPU.ActiveCfg = Release|Any CPU
		{07710C42-E039-4E8F-ABAA-1B69B9086A97}.Release|Any CPU.Build.0 = Release|Any CPU
		{FCFDF97E-D316-4D9F-9871-D8BEB20C036B}.Debug|Any CPU.ActiveCfg = Debug|Any CPU
		{FCFDF97E-D316-4D9F-9871-D8BEB20C036B}.Debug|Any CPU.Build.0 = Debug|Any CPU
		{FCFDF97E-D316-4D9F-9871-D8BEB20C036B}.Release|Any CPU.ActiveCfg = Release|Any CPU
		{FCFDF97E-D316-4D9F-9871-D8BEB20C036B}.Release|Any CPU.Build.0 = Release|Any CPU
		{0B969BAF-329E-47AC-AC12-8F17FC4006B9}.Debug|Any CPU.ActiveCfg = Debug|Any CPU
		{0B969BAF-329E-47AC-AC12-8F17FC4006B9}.Debug|Any CPU.Build.0 = Debug|Any CPU
		{0B969BAF-329E-47AC-AC12-8F17FC4006B9}.Release|Any CPU.ActiveCfg = Release|Any CPU
		{0B969BAF-329E-47AC-AC12-8F17FC4006B9}.Release|Any CPU.Build.0 = Release|Any CPU
		{A36E90C4-95E8-4B31-BE1B-0867E2EBCCF0}.Debug|Any CPU.ActiveCfg = Debug|Any CPU
		{A36E90C4-95E8-4B31-BE1B-0867E2EBCCF0}.Debug|Any CPU.Build.0 = Debug|Any CPU
		{A36E90C4-95E8-4B31-BE1B-0867E2EBCCF0}.Release|Any CPU.ActiveCfg = Release|Any CPU
		{A36E90C4-95E8-4B31-BE1B-0867E2EBCCF0}.Release|Any CPU.Build.0 = Release|Any CPU
		{85F69D3A-57F6-4C9B-AA33-E79195C0F34D}.Debug|Any CPU.ActiveCfg = Debug|Any CPU
		{85F69D3A-57F6-4C9B-AA33-E79195C0F34D}.Debug|Any CPU.Build.0 = Debug|Any CPU
		{85F69D3A-57F6-4C9B-AA33-E79195C0F34D}.Release|Any CPU.ActiveCfg = Release|Any CPU
		{85F69D3A-57F6-4C9B-AA33-E79195C0F34D}.Release|Any CPU.Build.0 = Release|Any CPU
		{8B62EB41-8204-49C8-B79A-B63337B8574C}.Debug|Any CPU.ActiveCfg = Debug|Any CPU
		{8B62EB41-8204-49C8-B79A-B63337B8574C}.Debug|Any CPU.Build.0 = Debug|Any CPU
		{8B62EB41-8204-49C8-B79A-B63337B8574C}.Release|Any CPU.ActiveCfg = Release|Any CPU
		{8B62EB41-8204-49C8-B79A-B63337B8574C}.Release|Any CPU.Build.0 = Release|Any CPU
		{873FA458-0217-41D4-88A1-50CD965E2E51}.Debug|Any CPU.ActiveCfg = Debug|Any CPU
		{873FA458-0217-41D4-88A1-50CD965E2E51}.Debug|Any CPU.Build.0 = Debug|Any CPU
		{873FA458-0217-41D4-88A1-50CD965E2E51}.Release|Any CPU.ActiveCfg = Release|Any CPU
		{873FA458-0217-41D4-88A1-50CD965E2E51}.Release|Any CPU.Build.0 = Release|Any CPU
		{D140C7BD-0589-43BF-BA05-8E64C77C398C}.Debug|Any CPU.ActiveCfg = Debug|Any CPU
		{D140C7BD-0589-43BF-BA05-8E64C77C398C}.Debug|Any CPU.Build.0 = Debug|Any CPU
		{D140C7BD-0589-43BF-BA05-8E64C77C398C}.Release|Any CPU.ActiveCfg = Release|Any CPU
		{D140C7BD-0589-43BF-BA05-8E64C77C398C}.Release|Any CPU.Build.0 = Release|Any CPU
	EndGlobalSection
	GlobalSection(SolutionProperties) = preSolution
		HideSolutionNode = FALSE
	EndGlobalSection
	GlobalSection(ExtensibilityGlobals) = postSolution
		SolutionGuid = {630156E7-FDB1-45D2-A494-39B72E337E23}
	EndGlobalSection
EndGlobal
