
Microsoft Visual Studio Solution File, Format Version 12.00
# Visual Studio Version 17
VisualStudioVersion = 17.2.32630.192
MinimumVisualStudioVersion = 10.0.40219.1
Project("{9A19103F-16F7-4668-BE54-9A1E7A4F7556}") = "ExercicioDeFixacaoAula18", "ExercicioDeFixacaoAula18\ExercicioDeFixacaoAula18.csproj", "{22176C74-F62C-4233-9E6D-BFDD804EB131}"
EndProject
Project("{9A19103F-16F7-4668-BE54-9A1E7A4F7556}") = "Aula23ExercicioProposto1002", "Aula23ExercicioProposto1002\Aula23ExercicioProposto1002.csproj", "{EB30B868-8AE0-4ECA-A317-8DFF4A9812D0}"
EndProject
Project("{9A19103F-16F7-4668-BE54-9A1E7A4F7556}") = "Aula23ExercicioProposto1003", "Aula23ExercicioProposto1003\Aula23ExercicioProposto1003.csproj", "{93413952-B9D0-4EE5-B2CA-17FD6BE978B7}"
EndProject
Project("{9A19103F-16F7-4668-BE54-9A1E7A4F7556}") = "Aula23ExercicioProposto1004", "Aula23ExercicioProposto1004\Aula23ExercicioProposto1004.csproj", "{6123E490-0025-404A-B9CF-AAAB9A47E8E0}"
EndProject
Project("{9A19103F-16F7-4668-BE54-9A1E7A4F7556}") = "Aula23ExercicioProposto1007", "Aula23ExercicioProposto1007\Aula23ExercicioProposto1007.csproj", "{2BEE91A5-8D52-48D4-8A66-EED6A869D59B}"
EndProject
Project("{9A19103F-16F7-4668-BE54-9A1E7A4F7556}") = "Aula23ExercicioProposto1008", "Aula23ExercicioProposto1008\Aula23ExercicioProposto1008.csproj", "{07710C42-E039-4E8F-ABAA-1B69B9086A97}"
EndProject
Project("{9A19103F-16F7-4668-BE54-9A1E7A4F7556}") = "Aula23ExercicioProposto1010", "Aula23ExercicioProposto1010\Aula23ExercicioProposto1010.csproj", "{FCFDF97E-D316-4D9F-9871-D8BEB20C036B}"
EndProject
Project("{9A19103F-16F7-4668-BE54-9A1E7A4F7556}") = "Aula23ExercicioProposto1014", "Aula23ExercicioProposto1014\Aula23ExercicioProposto1014.csproj", "{0B969BAF-329E-47AC-AC12-8F17FC4006B9}"
EndProject
Project("{9A19103F-16F7-4668-BE54-9A1E7A4F7556}") = "Aula23ExercicioProposto1016", "Aula23ExercicioProposto1016\Aula23ExercicioProposto1016.csproj", "{A36E90C4-95E8-4B31-BE1B-0867E2EBCCF0}"
EndProject
Project("{9A19103F-16F7-4668-BE54-9A1E7A4F7556}") = "Aula23ExercicioProposto1017", "Aula23ExercicioProposto1017\Aula23ExercicioProposto1017.csproj", "{85F69D3A-57F6-4C9B-AA33-E79195C0F34D}"
EndProject
Project("{9A19103F-16F7-4668-BE54-9A1E7A4F7556}") = "Aula23ExercicioProposto1005", "Aula23ExercicioProposto1005\Aula23ExercicioProposto1005.csproj", "{8B62EB41-8204-49C8-B79A-B63337B8574C}"
EndProject
Project("{9A19103F-16F7-4668-BE54-9A1E7A4F7556}") = "Aula23ExercicioProposto1006", "Aula23ExercicioProposto1006\Aula23ExercicioProposto1006.csproj", "{873FA458-0217-41D4-88A1-50CD965E2E51}"
EndProject
Project("{9A19103F-16F7-4668-BE54-9A1E7A4F7556}") = "Aula26ExercicioProposto1009", "Aula26ExercicioProposto1009\Aula26ExercicioProposto1009.csproj", "{D140C7BD-0589-43BF-BA05-8E64C77C398C}"
EndProject
Project("{9A19103F-16F7-4668-BE54-9A1E7A4F7556}") = "Aula26ExercicioProposto1011", "Aula26ExercicioProposto1011\Aula26ExercicioProposto1011.csproj", "{0C5C9596-9404-49C2-89F2-673B89ED0219}"
EndProject
Project("{9A19103F-16F7-4668-BE54-9A1E7A4F7556}") = "Aula26ExercicioProposto1012", "Aula26ExercicioProposto1012\Aula26ExercicioProposto1012.csproj", "{09C0C7BF-9AEA-4097-8371-B74ABECF44A9}"
EndProject
Project("{9A19103F-16F7-4668-BE54-9A1E7A4F7556}") = "Aula26ExercicioProposto1013", "Aula26ExercicioProposto1013\Aula26ExercicioProposto1013.csproj", "{196F5071-24AB-4095-84D6-110F921EC18F}"
EndProject
Project("{9A19103F-16F7-4668-BE54-9A1E7A4F7556}") = "Aula26ExercicioProposto1015", "Aula26ExercicioProposto1015\Aula26ExercicioProposto1015.csproj", "{D3599929-00FE-4D6E-83F6-A3AE17BF9E61}"
EndProject
Project("{9A19103F-16F7-4668-BE54-9A1E7A4F7556}") = "Aula28ExercicioProposto1018", "Aula28ExercicioProposto1018\Aula28ExercicioProposto1018.csproj", "{9A67CE44-00C8-4924-B9C3-1269FCCD911A}"
EndProject
Project("{9A19103F-16F7-4668-BE54-9A1E7A4F7556}") = "Aula28ExercicioProposto1020", "Aula28ExercicioProposto1020\Aula28ExercicioProposto1020.csproj", "{D7A16A8B-68C3-45F6-8957-83FB2916D9FD}"
EndProject
Project("{9A19103F-16F7-4668-BE54-9A1E7A4F7556}") = "Aula28ExercicioProposto1021", "Aula28ExercicioProposto1021\Aula28ExercicioProposto1021.csproj", "{B38B21AD-5306-4AE3-9B4E-FF05FEAB48C1}"
EndProject
Project("{9A19103F-16F7-4668-BE54-9A1E7A4F7556}") = "Aula28ExercicioProposto1061", "Aula28ExercicioProposto1061\Aula28ExercicioProposto1061.csproj", "{02745520-8B56-4EA3-BCB0-A9BFB53B4755}"
EndProject
Project("{9A19103F-16F7-4668-BE54-9A1E7A4F7556}") = "Aula38ExercicioProposto1035", "Aula38ExercicioProposto1035\Aula38ExercicioProposto1035.csproj", "{B6CCD169-52A7-4ADA-87BD-9C927DC8B0FA}"
EndProject
Project("{9A19103F-16F7-4668-BE54-9A1E7A4F7556}") = "Aula38ExercicioProposto 1038", "Aula38ExercicioProposto 1038\Aula38ExercicioProposto 1038.csproj", "{52788490-4551-49AE-9596-43212CA73408}"
EndProject
Project("{9A19103F-16F7-4668-BE54-9A1E7A4F7556}") = "Aula38ExercicioProposto1044", "Aula38ExercicioProposto1044\Aula38ExercicioProposto1044.csproj", "{D7F0B5E6-1E16-4981-85E6-5094627AC2C9}"
EndProject
Project("{9A19103F-16F7-4668-BE54-9A1E7A4F7556}") = "Aula38ExercicioProposto1046", "Aula38ExercicioProposto1046\Aula38ExercicioProposto1046.csproj", "{F151D40A-64BC-4BC3-AB7A-517E5B763D0B}"
EndProject
Project("{9A19103F-16F7-4668-BE54-9A1E7A4F7556}") = "Aula38ExercicioProposto1048", "Aula38ExercicioProposto1048\Aula38ExercicioProposto1048.csproj", "{B8B2C37F-3C64-435C-AE0D-63C34EF54A7E}"
EndProject
Project("{9A19103F-16F7-4668-BE54-9A1E7A4F7556}") = "Aula38ExercicioProposto1037", "Aula38ExercicioProposto1037\Aula38ExercicioProposto1037.csproj", "{28D3F0E5-FC3D-49C3-9A3F-0A2E5C80CB3A}"
EndProject
Project("{9A19103F-16F7-4668-BE54-9A1E7A4F7556}") = "Aula38ExercicioProposto1040", "Aula38ExercicioProposto1040\Aula38ExercicioProposto1040.csproj", "{1470C121-FD06-46CE-91BC-225366D5AC57}"
EndProject
Project("{9A19103F-16F7-4668-BE54-9A1E7A4F7556}") = "Aula38ExercicioProposto1041", "Aula38ExercicioProposto1041\Aula38ExercicioProposto1041.csproj", "{CEF1AB0C-1BE4-4BA8-ACDE-BCAF0F108E37}"
EndProject
Project("{9A19103F-16F7-4668-BE54-9A1E7A4F7556}") = "Aula38ExercicioProposto1045", "Aula38ExercicioProposto1045\Aula38ExercicioProposto1045.csproj", "{E350DEAD-802C-4F7E-9DF1-1E15B79B4690}"
EndProject
Project("{9A19103F-16F7-4668-BE54-9A1E7A4F7556}") = "Aula38ExercicioProposto1047", "Aula38ExercicioProposto1047\Aula38ExercicioProposto1047.csproj", "{667D0E50-F92F-4FF0-97C4-F79DE78A6F68}"
EndProject
Project("{9A19103F-16F7-4668-BE54-9A1E7A4F7556}") = "Aula38ExercicioProposto1049", "Aula38ExercicioProposto1049\Aula38ExercicioProposto1049.csproj", "{E77D429C-9C7E-424A-9E90-B44C5E64CF66}"
EndProject
Project("{9A19103F-16F7-4668-BE54-9A1E7A4F7556}") = "Aula38ExercicioProposto1051", "Aula38ExercicioProposto1051\Aula38ExercicioProposto1051.csproj", "{AA1142CD-A26F-441F-9385-8299BDA1319E}"
EndProject
Project("{9A19103F-16F7-4668-BE54-9A1E7A4F7556}") = "Aula38ExercicioProposto1042", "Aula38ExercicioProposto1042\Aula38ExercicioProposto1042.csproj", "{1D95B5F1-B9E0-4CC2-BDD8-0B9D50BDC48D}"
EndProject
Project("{9A19103F-16F7-4668-BE54-9A1E7A4F7556}") = "Aula45ExercicioProposto1114", "Aula45ExercicioProposto1114\Aula45ExercicioProposto1114.csproj", "{6CE6CF29-7DB8-4FC8-9AA5-88D7C35AFCEA}"
EndProject
Project("{9A19103F-16F7-4668-BE54-9A1E7A4F7556}") = "Aula45ExercicioProposto1115", "Aula45ExercicioProposto1115\Aula45ExercicioProposto1115.csproj", "{A939623C-B1E6-40ED-B0B8-53BA15DF58D0}"
EndProject
Project("{9A19103F-16F7-4668-BE54-9A1E7A4F7556}") = "Aula45ExercicioProposto1117", "Aula45ExercicioProposto1117\Aula45ExercicioProposto1117.csproj", "{0AD61956-65AF-4448-9EA3-0B08DE94FD49}"
EndProject
Project("{9A19103F-16F7-4668-BE54-9A1E7A4F7556}") = "Aula45ExercicioProposto1134", "Aula45ExercicioProposto1134\Aula45ExercicioProposto1134.csproj", "{786DFB23-CF64-4B28-BDDA-5E673E8D53F3}"
EndProject
Project("{9A19103F-16F7-4668-BE54-9A1E7A4F7556}") = "Aula45ExercicioProposto1154", "Aula45ExercicioProposto1154\Aula45ExercicioProposto1154.csproj", "{2389A80F-FC29-4564-BF9A-70DEA4E73313}"
EndProject
Project("{9A19103F-16F7-4668-BE54-9A1E7A4F7556}") = "Aula45ExercicioProposto1159", "Aula45ExercicioProposto1159\Aula45ExercicioProposto1159.csproj", "{B7D7D6E7-4846-454E-8C66-7626F8E34926}"
EndProject
Project("{9A19103F-16F7-4668-BE54-9A1E7A4F7556}") = "Aula45ExercicioProposto1118", "Aula45ExercicioProposto1118\Aula45ExercicioProposto1118.csproj", "{926A10F9-1D29-4EC6-96B9-E6BA4AFFFE5E}"
EndProject
Project("{9A19103F-16F7-4668-BE54-9A1E7A4F7556}") = "Aula45ExercicioProposto1131", "Aula45ExercicioProposto1131\Aula45ExercicioProposto1131.csproj", "{F599BC7B-D7A0-49A7-AAF5-B27DAFB9BEC8}"
EndProject
Project("{FAE04EC0-301F-11D3-BF4B-00C04F79EFBC}") = "Aula52ExercicioProposto1067", "Aula52ExercicioProposto1067\Aula52ExercicioProposto1067.csproj", "{B24F08BB-D998-4954-8642-7CC5A79F221E}"
EndProject
Project("{FAE04EC0-301F-11D3-BF4B-00C04F79EFBC}") = "Aula52ExercicioProposto1071", "Aula52ExercicioProposto1071\Aula52ExercicioProposto1071.csproj", "{ABA9B505-2970-44EF-80DE-1886D0F521C6}"
EndProject
Project("{FAE04EC0-301F-11D3-BF4B-00C04F79EFBC}") = "Aula52ExercicioProposto1072", "Aula52ExercicioProposto1072\Aula52ExercicioProposto1072.csproj", "{44DB12C8-D5C9-454A-9B57-209FC8424D21}"
EndProject
Global
	GlobalSection(SolutionConfigurationPlatforms) = preSolution
		Debug|Any CPU = Debug|Any CPU
		Release|Any CPU = Release|Any CPU
	EndGlobalSection
	GlobalSection(ProjectConfigurationPlatforms) = postSolution
		{22176C74-F62C-4233-9E6D-BFDD804EB131}.Debug|Any CPU.ActiveCfg = Debug|Any CPU
		{22176C74-F62C-4233-9E6D-BFDD804EB131}.Debug|Any CPU.Build.0 = Debug|Any CPU
		{22176C74-F62C-4233-9E6D-BFDD804EB131}.Release|Any CPU.ActiveCfg = Release|Any CPU
		{22176C74-F62C-4233-9E6D-BFDD804EB131}.Release|Any CPU.Build.0 = Release|Any CPU
		{EB30B868-8AE0-4ECA-A317-8DFF4A9812D0}.Debug|Any CPU.ActiveCfg = Debug|Any CPU
		{EB30B868-8AE0-4ECA-A317-8DFF4A9812D0}.Debug|Any CPU.Build.0 = Debug|Any CPU
		{EB30B868-8AE0-4ECA-A317-8DFF4A9812D0}.Release|Any CPU.ActiveCfg = Release|Any CPU
		{EB30B868-8AE0-4ECA-A317-8DFF4A9812D0}.Release|Any CPU.Build.0 = Release|Any CPU
		{93413952-B9D0-4EE5-B2CA-17FD6BE978B7}.Debug|Any CPU.ActiveCfg = Debug|Any CPU
		{93413952-B9D0-4EE5-B2CA-17FD6BE978B7}.Debug|Any CPU.Build.0 = Debug|Any CPU
		{93413952-B9D0-4EE5-B2CA-17FD6BE978B7}.Release|Any CPU.ActiveCfg = Release|Any CPU
		{93413952-B9D0-4EE5-B2CA-17FD6BE978B7}.Release|Any CPU.Build.0 = Release|Any CPU
		{6123E490-0025-404A-B9CF-AAAB9A47E8E0}.Debug|Any CPU.ActiveCfg = Debug|Any CPU
		{6123E490-0025-404A-B9CF-AAAB9A47E8E0}.Debug|Any CPU.Build.0 = Debug|Any CPU
		{6123E490-0025-404A-B9CF-AAAB9A47E8E0}.Release|Any CPU.ActiveCfg = Release|Any CPU
		{6123E490-0025-404A-B9CF-AAAB9A47E8E0}.Release|Any CPU.Build.0 = Release|Any CPU
		{2BEE91A5-8D52-48D4-8A66-EED6A869D59B}.Debug|Any CPU.ActiveCfg = Debug|Any CPU
		{2BEE91A5-8D52-48D4-8A66-EED6A869D59B}.Debug|Any CPU.Build.0 = Debug|Any CPU
		{2BEE91A5-8D52-48D4-8A66-EED6A869D59B}.Release|Any CPU.ActiveCfg = Release|Any CPU
		{2BEE91A5-8D52-48D4-8A66-EED6A869D59B}.Release|Any CPU.Build.0 = Release|Any CPU
		{07710C42-E039-4E8F-ABAA-1B69B9086A97}.Debug|Any CPU.ActiveCfg = Debug|Any CPU
		{07710C42-E039-4E8F-ABAA-1B69B9086A97}.Debug|Any CPU.Build.0 = Debug|Any CPU
		{07710C42-E039-4E8F-ABAA-1B69B9086A97}.Release|Any CPU.ActiveCfg = Release|Any CPU
		{07710C42-E039-4E8F-ABAA-1B69B9086A97}.Release|Any CPU.Build.0 = Release|Any CPU
		{FCFDF97E-D316-4D9F-9871-D8BEB20C036B}.Debug|Any CPU.ActiveCfg = Debug|Any CPU
		{FCFDF97E-D316-4D9F-9871-D8BEB20C036B}.Debug|Any CPU.Build.0 = Debug|Any CPU
		{FCFDF97E-D316-4D9F-9871-D8BEB20C036B}.Release|Any CPU.ActiveCfg = Release|Any CPU
		{FCFDF97E-D316-4D9F-9871-D8BEB20C036B}.Release|Any CPU.Build.0 = Release|Any CPU
		{0B969BAF-329E-47AC-AC12-8F17FC4006B9}.Debug|Any CPU.ActiveCfg = Debug|Any CPU
		{0B969BAF-329E-47AC-AC12-8F17FC4006B9}.Debug|Any CPU.Build.0 = Debug|Any CPU
		{0B969BAF-329E-47AC-AC12-8F17FC4006B9}.Release|Any CPU.ActiveCfg = Release|Any CPU
		{0B969BAF-329E-47AC-AC12-8F17FC4006B9}.Release|Any CPU.Build.0 = Release|Any CPU
		{A36E90C4-95E8-4B31-BE1B-0867E2EBCCF0}.Debug|Any CPU.ActiveCfg = Debug|Any CPU
		{A36E90C4-95E8-4B31-BE1B-0867E2EBCCF0}.Debug|Any CPU.Build.0 = Debug|Any CPU
		{A36E90C4-95E8-4B31-BE1B-0867E2EBCCF0}.Release|Any CPU.ActiveCfg = Release|Any CPU
		{A36E90C4-95E8-4B31-BE1B-0867E2EBCCF0}.Release|Any CPU.Build.0 = Release|Any CPU
		{85F69D3A-57F6-4C9B-AA33-E79195C0F34D}.Debug|Any CPU.ActiveCfg = Debug|Any CPU
		{85F69D3A-57F6-4C9B-AA33-E79195C0F34D}.Debug|Any CPU.Build.0 = Debug|Any CPU
		{85F69D3A-57F6-4C9B-AA33-E79195C0F34D}.Release|Any CPU.ActiveCfg = Release|Any CPU
		{85F69D3A-57F6-4C9B-AA33-E79195C0F34D}.Release|Any CPU.Build.0 = Release|Any CPU
		{8B62EB41-8204-49C8-B79A-B63337B8574C}.Debug|Any CPU.ActiveCfg = Debug|Any CPU
		{8B62EB41-8204-49C8-B79A-B63337B8574C}.Debug|Any CPU.Build.0 = Debug|Any CPU
		{8B62EB41-8204-49C8-B79A-B63337B8574C}.Release|Any CPU.ActiveCfg = Release|Any CPU
		{8B62EB41-8204-49C8-B79A-B63337B8574C}.Release|Any CPU.Build.0 = Release|Any CPU
		{873FA458-0217-41D4-88A1-50CD965E2E51}.Debug|Any CPU.ActiveCfg = Debug|Any CPU
		{873FA458-0217-41D4-88A1-50CD965E2E51}.Debug|Any CPU.Build.0 = Debug|Any CPU
		{873FA458-0217-41D4-88A1-50CD965E2E51}.Release|Any CPU.ActiveCfg = Release|Any CPU
		{873FA458-0217-41D4-88A1-50CD965E2E51}.Release|Any CPU.Build.0 = Release|Any CPU
		{D140C7BD-0589-43BF-BA05-8E64C77C398C}.Debug|Any CPU.ActiveCfg = Debug|Any CPU
		{D140C7BD-0589-43BF-BA05-8E64C77C398C}.Debug|Any CPU.Build.0 = Debug|Any CPU
		{D140C7BD-0589-43BF-BA05-8E64C77C398C}.Release|Any CPU.ActiveCfg = Release|Any CPU
		{D140C7BD-0589-43BF-BA05-8E64C77C398C}.Release|Any CPU.Build.0 = Release|Any CPU
		{0C5C9596-9404-49C2-89F2-673B89ED0219}.Debug|Any CPU.ActiveCfg = Debug|Any CPU
		{0C5C9596-9404-49C2-89F2-673B89ED0219}.Debug|Any CPU.Build.0 = Debug|Any CPU
		{0C5C9596-9404-49C2-89F2-673B89ED0219}.Release|Any CPU.ActiveCfg = Release|Any CPU
		{0C5C9596-9404-49C2-89F2-673B89ED0219}.Release|Any CPU.Build.0 = Release|Any CPU
		{09C0C7BF-9AEA-4097-8371-B74ABECF44A9}.Debug|Any CPU.ActiveCfg = Debug|Any CPU
		{09C0C7BF-9AEA-4097-8371-B74ABECF44A9}.Debug|Any CPU.Build.0 = Debug|Any CPU
		{09C0C7BF-9AEA-4097-8371-B74ABECF44A9}.Release|Any CPU.ActiveCfg = Release|Any CPU
		{09C0C7BF-9AEA-4097-8371-B74ABECF44A9}.Release|Any CPU.Build.0 = Release|Any CPU
		{196F5071-24AB-4095-84D6-110F921EC18F}.Debug|Any CPU.ActiveCfg = Debug|Any CPU
		{196F5071-24AB-4095-84D6-110F921EC18F}.Debug|Any CPU.Build.0 = Debug|Any CPU
		{196F5071-24AB-4095-84D6-110F921EC18F}.Release|Any CPU.ActiveCfg = Release|Any CPU
		{196F5071-24AB-4095-84D6-110F921EC18F}.Release|Any CPU.Build.0 = Release|Any CPU
		{D3599929-00FE-4D6E-83F6-A3AE17BF9E61}.Debug|Any CPU.ActiveCfg = Debug|Any CPU
		{D3599929-00FE-4D6E-83F6-A3AE17BF9E61}.Debug|Any CPU.Build.0 = Debug|Any CPU
		{D3599929-00FE-4D6E-83F6-A3AE17BF9E61}.Release|Any CPU.ActiveCfg = Release|Any CPU
		{D3599929-00FE-4D6E-83F6-A3AE17BF9E61}.Release|Any CPU.Build.0 = Release|Any CPU
		{9A67CE44-00C8-4924-B9C3-1269FCCD911A}.Debug|Any CPU.ActiveCfg = Debug|Any CPU
		{9A67CE44-00C8-4924-B9C3-1269FCCD911A}.Debug|Any CPU.Build.0 = Debug|Any CPU
		{9A67CE44-00C8-4924-B9C3-1269FCCD911A}.Release|Any CPU.ActiveCfg = Release|Any CPU
		{9A67CE44-00C8-4924-B9C3-1269FCCD911A}.Release|Any CPU.Build.0 = Release|Any CPU
		{D7A16A8B-68C3-45F6-8957-83FB2916D9FD}.Debug|Any CPU.ActiveCfg = Debug|Any CPU
		{D7A16A8B-68C3-45F6-8957-83FB2916D9FD}.Debug|Any CPU.Build.0 = Debug|Any CPU
		{D7A16A8B-68C3-45F6-8957-83FB2916D9FD}.Release|Any CPU.ActiveCfg = Release|Any CPU
		{D7A16A8B-68C3-45F6-8957-83FB2916D9FD}.Release|Any CPU.Build.0 = Release|Any CPU
		{B38B21AD-5306-4AE3-9B4E-FF05FEAB48C1}.Debug|Any CPU.ActiveCfg = Debug|Any CPU
		{B38B21AD-5306-4AE3-9B4E-FF05FEAB48C1}.Debug|Any CPU.Build.0 = Debug|Any CPU
		{B38B21AD-5306-4AE3-9B4E-FF05FEAB48C1}.Release|Any CPU.ActiveCfg = Release|Any CPU
		{B38B21AD-5306-4AE3-9B4E-FF05FEAB48C1}.Release|Any CPU.Build.0 = Release|Any CPU
		{02745520-8B56-4EA3-BCB0-A9BFB53B4755}.Debug|Any CPU.ActiveCfg = Debug|Any CPU
		{02745520-8B56-4EA3-BCB0-A9BFB53B4755}.Debug|Any CPU.Build.0 = Debug|Any CPU
		{02745520-8B56-4EA3-BCB0-A9BFB53B4755}.Release|Any CPU.ActiveCfg = Release|Any CPU
		{02745520-8B56-4EA3-BCB0-A9BFB53B4755}.Release|Any CPU.Build.0 = Release|Any CPU
		{B6CCD169-52A7-4ADA-87BD-9C927DC8B0FA}.Debug|Any CPU.ActiveCfg = Debug|Any CPU
		{B6CCD169-52A7-4ADA-87BD-9C927DC8B0FA}.Debug|Any CPU.Build.0 = Debug|Any CPU
		{B6CCD169-52A7-4ADA-87BD-9C927DC8B0FA}.Release|Any CPU.ActiveCfg = Release|Any CPU
		{B6CCD169-52A7-4ADA-87BD-9C927DC8B0FA}.Release|Any CPU.Build.0 = Release|Any CPU
		{52788490-4551-49AE-9596-43212CA73408}.Debug|Any CPU.ActiveCfg = Debug|Any CPU
		{52788490-4551-49AE-9596-43212CA73408}.Debug|Any CPU.Build.0 = Debug|Any CPU
		{52788490-4551-49AE-9596-43212CA73408}.Release|Any CPU.ActiveCfg = Release|Any CPU
		{52788490-4551-49AE-9596-43212CA73408}.Release|Any CPU.Build.0 = Release|Any CPU
		{D7F0B5E6-1E16-4981-85E6-5094627AC2C9}.Debug|Any CPU.ActiveCfg = Debug|Any CPU
		{D7F0B5E6-1E16-4981-85E6-5094627AC2C9}.Debug|Any CPU.Build.0 = Debug|Any CPU
		{D7F0B5E6-1E16-4981-85E6-5094627AC2C9}.Release|Any CPU.ActiveCfg = Release|Any CPU
		{D7F0B5E6-1E16-4981-85E6-5094627AC2C9}.Release|Any CPU.Build.0 = Release|Any CPU
		{F151D40A-64BC-4BC3-AB7A-517E5B763D0B}.Debug|Any CPU.ActiveCfg = Debug|Any CPU
		{F151D40A-64BC-4BC3-AB7A-517E5B763D0B}.Debug|Any CPU.Build.0 = Debug|Any CPU
		{F151D40A-64BC-4BC3-AB7A-517E5B763D0B}.Release|Any CPU.ActiveCfg = Release|Any CPU
		{F151D40A-64BC-4BC3-AB7A-517E5B763D0B}.Release|Any CPU.Build.0 = Release|Any CPU
		{B8B2C37F-3C64-435C-AE0D-63C34EF54A7E}.Debug|Any CPU.ActiveCfg = Debug|Any CPU
		{B8B2C37F-3C64-435C-AE0D-63C34EF54A7E}.Debug|Any CPU.Build.0 = Debug|Any CPU
		{B8B2C37F-3C64-435C-AE0D-63C34EF54A7E}.Release|Any CPU.ActiveCfg = Release|Any CPU
		{B8B2C37F-3C64-435C-AE0D-63C34EF54A7E}.Release|Any CPU.Build.0 = Release|Any CPU
		{28D3F0E5-FC3D-49C3-9A3F-0A2E5C80CB3A}.Debug|Any CPU.ActiveCfg = Debug|Any CPU
		{28D3F0E5-FC3D-49C3-9A3F-0A2E5C80CB3A}.Debug|Any CPU.Build.0 = Debug|Any CPU
		{28D3F0E5-FC3D-49C3-9A3F-0A2E5C80CB3A}.Release|Any CPU.ActiveCfg = Release|Any CPU
		{28D3F0E5-FC3D-49C3-9A3F-0A2E5C80CB3A}.Release|Any CPU.Build.0 = Release|Any CPU
		{1470C121-FD06-46CE-91BC-225366D5AC57}.Debug|Any CPU.ActiveCfg = Debug|Any CPU
		{1470C121-FD06-46CE-91BC-225366D5AC57}.Debug|Any CPU.Build.0 = Debug|Any CPU
		{1470C121-FD06-46CE-91BC-225366D5AC57}.Release|Any CPU.ActiveCfg = Release|Any CPU
		{1470C121-FD06-46CE-91BC-225366D5AC57}.Release|Any CPU.Build.0 = Release|Any CPU
		{CEF1AB0C-1BE4-4BA8-ACDE-BCAF0F108E37}.Debug|Any CPU.ActiveCfg = Debug|Any CPU
		{CEF1AB0C-1BE4-4BA8-ACDE-BCAF0F108E37}.Debug|Any CPU.Build.0 = Debug|Any CPU
		{CEF1AB0C-1BE4-4BA8-ACDE-BCAF0F108E37}.Release|Any CPU.ActiveCfg = Release|Any CPU
		{CEF1AB0C-1BE4-4BA8-ACDE-BCAF0F108E37}.Release|Any CPU.Build.0 = Release|Any CPU
		{E350DEAD-802C-4F7E-9DF1-1E15B79B4690}.Debug|Any CPU.ActiveCfg = Debug|Any CPU
		{E350DEAD-802C-4F7E-9DF1-1E15B79B4690}.Debug|Any CPU.Build.0 = Debug|Any CPU
		{E350DEAD-802C-4F7E-9DF1-1E15B79B4690}.Release|Any CPU.ActiveCfg = Release|Any CPU
		{E350DEAD-802C-4F7E-9DF1-1E15B79B4690}.Release|Any CPU.Build.0 = Release|Any CPU
		{667D0E50-F92F-4FF0-97C4-F79DE78A6F68}.Debug|Any CPU.ActiveCfg = Debug|Any CPU
		{667D0E50-F92F-4FF0-97C4-F79DE78A6F68}.Debug|Any CPU.Build.0 = Debug|Any CPU
		{667D0E50-F92F-4FF0-97C4-F79DE78A6F68}.Release|Any CPU.ActiveCfg = Release|Any CPU
		{667D0E50-F92F-4FF0-97C4-F79DE78A6F68}.Release|Any CPU.Build.0 = Release|Any CPU
		{E77D429C-9C7E-424A-9E90-B44C5E64CF66}.Debug|Any CPU.ActiveCfg = Debug|Any CPU
		{E77D429C-9C7E-424A-9E90-B44C5E64CF66}.Debug|Any CPU.Build.0 = Debug|Any CPU
		{E77D429C-9C7E-424A-9E90-B44C5E64CF66}.Release|Any CPU.ActiveCfg = Release|Any CPU
		{E77D429C-9C7E-424A-9E90-B44C5E64CF66}.Release|Any CPU.Build.0 = Release|Any CPU
		{AA1142CD-A26F-441F-9385-8299BDA1319E}.Debug|Any CPU.ActiveCfg = Debug|Any CPU
		{AA1142CD-A26F-441F-9385-8299BDA1319E}.Debug|Any CPU.Build.0 = Debug|Any CPU
		{AA1142CD-A26F-441F-9385-8299BDA1319E}.Release|Any CPU.ActiveCfg = Release|Any CPU
		{AA1142CD-A26F-441F-9385-8299BDA1319E}.Release|Any CPU.Build.0 = Release|Any CPU
		{1D95B5F1-B9E0-4CC2-BDD8-0B9D50BDC48D}.Debug|Any CPU.ActiveCfg = Debug|Any CPU
		{1D95B5F1-B9E0-4CC2-BDD8-0B9D50BDC48D}.Debug|Any CPU.Build.0 = Debug|Any CPU
		{1D95B5F1-B9E0-4CC2-BDD8-0B9D50BDC48D}.Release|Any CPU.ActiveCfg = Release|Any CPU
		{1D95B5F1-B9E0-4CC2-BDD8-0B9D50BDC48D}.Release|Any CPU.Build.0 = Release|Any CPU
		{6CE6CF29-7DB8-4FC8-9AA5-88D7C35AFCEA}.Debug|Any CPU.ActiveCfg = Debug|Any CPU
		{6CE6CF29-7DB8-4FC8-9AA5-88D7C35AFCEA}.Debug|Any CPU.Build.0 = Debug|Any CPU
		{6CE6CF29-7DB8-4FC8-9AA5-88D7C35AFCEA}.Release|Any CPU.ActiveCfg = Release|Any CPU
		{6CE6CF29-7DB8-4FC8-9AA5-88D7C35AFCEA}.Release|Any CPU.Build.0 = Release|Any CPU
		{A939623C-B1E6-40ED-B0B8-53BA15DF58D0}.Debug|Any CPU.ActiveCfg = Debug|Any CPU
		{A939623C-B1E6-40ED-B0B8-53BA15DF58D0}.Debug|Any CPU.Build.0 = Debug|Any CPU
		{A939623C-B1E6-40ED-B0B8-53BA15DF58D0}.Release|Any CPU.ActiveCfg = Release|Any CPU
		{A939623C-B1E6-40ED-B0B8-53BA15DF58D0}.Release|Any CPU.Build.0 = Release|Any CPU
		{0AD61956-65AF-4448-9EA3-0B08DE94FD49}.Debug|Any CPU.ActiveCfg = Debug|Any CPU
		{0AD61956-65AF-4448-9EA3-0B08DE94FD49}.Debug|Any CPU.Build.0 = Debug|Any CPU
		{0AD61956-65AF-4448-9EA3-0B08DE94FD49}.Release|Any CPU.ActiveCfg = Release|Any CPU
		{0AD61956-65AF-4448-9EA3-0B08DE94FD49}.Release|Any CPU.Build.0 = Release|Any CPU
		{786DFB23-CF64-4B28-BDDA-5E673E8D53F3}.Debug|Any CPU.ActiveCfg = Debug|Any CPU
		{786DFB23-CF64-4B28-BDDA-5E673E8D53F3}.Debug|Any CPU.Build.0 = Debug|Any CPU
		{786DFB23-CF64-4B28-BDDA-5E673E8D53F3}.Release|Any CPU.ActiveCfg = Release|Any CPU
		{786DFB23-CF64-4B28-BDDA-5E673E8D53F3}.Release|Any CPU.Build.0 = Release|Any CPU
		{2389A80F-FC29-4564-BF9A-70DEA4E73313}.Debug|Any CPU.ActiveCfg = Debug|Any CPU
		{2389A80F-FC29-4564-BF9A-70DEA4E73313}.Debug|Any CPU.Build.0 = Debug|Any CPU
		{2389A80F-FC29-4564-BF9A-70DEA4E73313}.Release|Any CPU.ActiveCfg = Release|Any CPU
		{2389A80F-FC29-4564-BF9A-70DEA4E73313}.Release|Any CPU.Build.0 = Release|Any CPU
		{B7D7D6E7-4846-454E-8C66-7626F8E34926}.Debug|Any CPU.ActiveCfg = Debug|Any CPU
		{B7D7D6E7-4846-454E-8C66-7626F8E34926}.Debug|Any CPU.Build.0 = Debug|Any CPU
		{B7D7D6E7-4846-454E-8C66-7626F8E34926}.Release|Any CPU.ActiveCfg = Release|Any CPU
		{B7D7D6E7-4846-454E-8C66-7626F8E34926}.Release|Any CPU.Build.0 = Release|Any CPU
		{926A10F9-1D29-4EC6-96B9-E6BA4AFFFE5E}.Debug|Any CPU.ActiveCfg = Debug|Any CPU
		{926A10F9-1D29-4EC6-96B9-E6BA4AFFFE5E}.Debug|Any CPU.Build.0 = Debug|Any CPU
		{926A10F9-1D29-4EC6-96B9-E6BA4AFFFE5E}.Release|Any CPU.ActiveCfg = Release|Any CPU
		{926A10F9-1D29-4EC6-96B9-E6BA4AFFFE5E}.Release|Any CPU.Build.0 = Release|Any CPU
		{F599BC7B-D7A0-49A7-AAF5-B27DAFB9BEC8}.Debug|Any CPU.ActiveCfg = Debug|Any CPU
		{F599BC7B-D7A0-49A7-AAF5-B27DAFB9BEC8}.Debug|Any CPU.Build.0 = Debug|Any CPU
		{F599BC7B-D7A0-49A7-AAF5-B27DAFB9BEC8}.Release|Any CPU.ActiveCfg = Release|Any CPU
		{F599BC7B-D7A0-49A7-AAF5-B27DAFB9BEC8}.Release|Any CPU.Build.0 = Release|Any CPU
		{B24F08BB-D998-4954-8642-7CC5A79F221E}.Debug|Any CPU.ActiveCfg = Debug|Any CPU
		{B24F08BB-D998-4954-8642-7CC5A79F221E}.Debug|Any CPU.Build.0 = Debug|Any CPU
		{B24F08BB-D998-4954-8642-7CC5A79F221E}.Release|Any CPU.ActiveCfg = Release|Any CPU
		{B24F08BB-D998-4954-8642-7CC5A79F221E}.Release|Any CPU.Build.0 = Release|Any CPU
		{ABA9B505-2970-44EF-80DE-1886D0F521C6}.Debug|Any CPU.ActiveCfg = Debug|Any CPU
		{ABA9B505-2970-44EF-80DE-1886D0F521C6}.Debug|Any CPU.Build.0 = Debug|Any CPU
		{ABA9B505-2970-44EF-80DE-1886D0F521C6}.Release|Any CPU.ActiveCfg = Release|Any CPU
		{ABA9B505-2970-44EF-80DE-1886D0F521C6}.Release|Any CPU.Build.0 = Release|Any CPU
		{44DB12C8-D5C9-454A-9B57-209FC8424D21}.Debug|Any CPU.ActiveCfg = Debug|Any CPU
		{44DB12C8-D5C9-454A-9B57-209FC8424D21}.Debug|Any CPU.Build.0 = Debug|Any CPU
		{44DB12C8-D5C9-454A-9B57-209FC8424D21}.Release|Any CPU.ActiveCfg = Release|Any CPU
		{44DB12C8-D5C9-454A-9B57-209FC8424D21}.Release|Any CPU.Build.0 = Release|Any CPU
	EndGlobalSection
	GlobalSection(SolutionProperties) = preSolution
		HideSolutionNode = FALSE
	EndGlobalSection
	GlobalSection(ExtensibilityGlobals) = postSolution
		SolutionGuid = {630156E7-FDB1-45D2-A494-39B72E337E23}
	EndGlobalSection
EndGlobal
